
Microsoft Visual Studio Solution File, Format Version 12.00
Project("{2150E333-8FDC-42A3-9474-1A3956D46DE8}") = "Homify.Monolith", "Homify.Monolith", "{079BCAFF-2A94-4121-ACEE-1571E5074B69}"
EndProject
Project("{FAE04EC0-301F-11D3-BF4B-00C04F79EFBC}") = "Homify.Monolith.Api", "Homify.Monolith.Api\Homify.Monolith.Api.csproj", "{68DC8D56-5354-4739-8CFD-ACE45586A18F}"
EndProject
Project("{FAE04EC0-301F-11D3-BF4B-00C04F79EFBC}") = "Homify.Monolith.Infrastructure", "Homify.Monolith.Infrastructure\Homify.Monolith.Infrastructure.csproj", "{544EA51E-F27A-4A73-B51A-CE31A3A89C4C}"
EndProject
Project("{FAE04EC0-301F-11D3-BF4B-00C04F79EFBC}") = "Homify.Monolith.Application", "Homify.Monolith.Application\Homify.Monolith.Application.csproj", "{E681F6FA-285D-435E-86E5-CCE13CE015DE}"
EndProject
Project("{FAE04EC0-301F-11D3-BF4B-00C04F79EFBC}") = "Homify.Monolith.Domain", "Homify.Monolith.Domain\Homify.Monolith.Domain.csproj", "{F44714D2-42B1-46C5-B48D-1E7F83604E30}"
EndProject
Global
	GlobalSection(SolutionConfigurationPlatforms) = preSolution
		Debug|Any CPU = Debug|Any CPU
		Release|Any CPU = Release|Any CPU
	EndGlobalSection
	GlobalSection(NestedProjects) = preSolution
		{68DC8D56-5354-4739-8CFD-ACE45586A18F} = {079BCAFF-2A94-4121-ACEE-1571E5074B69}
		{544EA51E-F27A-4A73-B51A-CE31A3A89C4C} = {079BCAFF-2A94-4121-ACEE-1571E5074B69}
		{E681F6FA-285D-435E-86E5-CCE13CE015DE} = {079BCAFF-2A94-4121-ACEE-1571E5074B69}
		{F44714D2-42B1-46C5-B48D-1E7F83604E30} = {079BCAFF-2A94-4121-ACEE-1571E5074B69}
	EndGlobalSection
	GlobalSection(ProjectConfigurationPlatforms) = postSolution
		{68DC8D56-5354-4739-8CFD-ACE45586A18F}.Debug|Any CPU.ActiveCfg = Debug|Any CPU
		{68DC8D56-5354-4739-8CFD-ACE45586A18F}.Debug|Any CPU.Build.0 = Debug|Any CPU
		{68DC8D56-5354-4739-8CFD-ACE45586A18F}.Release|Any CPU.ActiveCfg = Release|Any CPU
		{68DC8D56-5354-4739-8CFD-ACE45586A18F}.Release|Any CPU.Build.0 = Release|Any CPU
		{544EA51E-F27A-4A73-B51A-CE31A3A89C4C}.Debug|Any CPU.ActiveCfg = Debug|Any CPU
		{544EA51E-F27A-4A73-B51A-CE31A3A89C4C}.Debug|Any CPU.Build.0 = Debug|Any CPU
		{544EA51E-F27A-4A73-B51A-CE31A3A89C4C}.Release|Any CPU.ActiveCfg = Release|Any CPU
		{544EA51E-F27A-4A73-B51A-CE31A3A89C4C}.Release|Any CPU.Build.0 = Release|Any CPU
		{E681F6FA-285D-435E-86E5-CCE13CE015DE}.Debug|Any CPU.ActiveCfg = Debug|Any CPU
		{E681F6FA-285D-435E-86E5-CCE13CE015DE}.Debug|Any CPU.Build.0 = Debug|Any CPU
		{E681F6FA-285D-435E-86E5-CCE13CE015DE}.Release|Any CPU.ActiveCfg = Release|Any CPU
		{E681F6FA-285D-435E-86E5-CCE13CE015DE}.Release|Any CPU.Build.0 = Release|Any CPU
		{F44714D2-42B1-46C5-B48D-1E7F83604E30}.Debug|Any CPU.ActiveCfg = Debug|Any CPU
		{F44714D2-42B1-46C5-B48D-1E7F83604E30}.Debug|Any CPU.Build.0 = Debug|Any CPU
		{F44714D2-42B1-46C5-B48D-1E7F83604E30}.Release|Any CPU.ActiveCfg = Release|Any CPU
		{F44714D2-42B1-46C5-B48D-1E7F83604E30}.Release|Any CPU.Build.0 = Release|Any CPU
	EndGlobalSection
EndGlobal
